
Microsoft Visual Studio Solution File, Format Version 12.00
# Visual Studio Version 17
VisualStudioVersion = 17.1.32210.238
MinimumVisualStudioVersion = 10.0.40219.1
Project("{9A19103F-16F7-4668-BE54-9A1E7A4F7556}") = "Infraestructure", "Infraestructure\Infraestructure.csproj", "{95C26822-7B08-46F3-BBEB-D0DB358ADD5E}"
EndProject
Project("{9A19103F-16F7-4668-BE54-9A1E7A4F7556}") = "Domain", "Domain\Domain.csproj", "{14EEF8D3-B878-4F4B-AD99-62F7E6B08E52}"
EndProject
Project("{9A19103F-16F7-4668-BE54-9A1E7A4F7556}") = "Models", "Models\Models.csproj", "{F2B5BC39-CBAA-4DD5-8F5A-3A49F4D67C23}"
EndProject
Project("{9A19103F-16F7-4668-BE54-9A1E7A4F7556}") = "Application", "Application\Application.csproj", "{ACF32CC0-CAF4-42AC-82C1-9A3CE01E6BC2}"
EndProject
Project("{FAE04EC0-301F-11D3-BF4B-00C04F79EFBC}") = "Presentation", "Presentation\Presentation.csproj", "{A2BA9BAA-3173-431A-A2D4-34379410A536}"
EndProject
Global
	GlobalSection(SolutionConfigurationPlatforms) = preSolution
		Debug|Any CPU = Debug|Any CPU
		Release|Any CPU = Release|Any CPU
	EndGlobalSection
	GlobalSection(ProjectConfigurationPlatforms) = postSolution
		{95C26822-7B08-46F3-BBEB-D0DB358ADD5E}.Debug|Any CPU.ActiveCfg = Debug|Any CPU
		{95C26822-7B08-46F3-BBEB-D0DB358ADD5E}.Debug|Any CPU.Build.0 = Debug|Any CPU
		{95C26822-7B08-46F3-BBEB-D0DB358ADD5E}.Release|Any CPU.ActiveCfg = Release|Any CPU
		{95C26822-7B08-46F3-BBEB-D0DB358ADD5E}.Release|Any CPU.Build.0 = Release|Any CPU
		{14EEF8D3-B878-4F4B-AD99-62F7E6B08E52}.Debug|Any CPU.ActiveCfg = Debug|Any CPU
		{14EEF8D3-B878-4F4B-AD99-62F7E6B08E52}.Debug|Any CPU.Build.0 = Debug|Any CPU
		{14EEF8D3-B878-4F4B-AD99-62F7E6B08E52}.Release|Any CPU.ActiveCfg = Release|Any CPU
		{14EEF8D3-B878-4F4B-AD99-62F7E6B08E52}.Release|Any CPU.Build.0 = Release|Any CPU
		{F2B5BC39-CBAA-4DD5-8F5A-3A49F4D67C23}.Debug|Any CPU.ActiveCfg = Debug|Any CPU
		{F2B5BC39-CBAA-4DD5-8F5A-3A49F4D67C23}.Debug|Any CPU.Build.0 = Debug|Any CPU
		{F2B5BC39-CBAA-4DD5-8F5A-3A49F4D67C23}.Release|Any CPU.ActiveCfg = Release|Any CPU
		{F2B5BC39-CBAA-4DD5-8F5A-3A49F4D67C23}.Release|Any CPU.Build.0 = Release|Any CPU
		{ACF32CC0-CAF4-42AC-82C1-9A3CE01E6BC2}.Debug|Any CPU.ActiveCfg = Debug|Any CPU
		{ACF32CC0-CAF4-42AC-82C1-9A3CE01E6BC2}.Debug|Any CPU.Build.0 = Debug|Any CPU
		{ACF32CC0-CAF4-42AC-82C1-9A3CE01E6BC2}.Release|Any CPU.ActiveCfg = Release|Any CPU
		{ACF32CC0-CAF4-42AC-82C1-9A3CE01E6BC2}.Release|Any CPU.Build.0 = Release|Any CPU
		{A2BA9BAA-3173-431A-A2D4-34379410A536}.Debug|Any CPU.ActiveCfg = Debug|Any CPU
		{A2BA9BAA-3173-431A-A2D4-34379410A536}.Debug|Any CPU.Build.0 = Debug|Any CPU
		{A2BA9BAA-3173-431A-A2D4-34379410A536}.Release|Any CPU.ActiveCfg = Release|Any CPU
		{A2BA9BAA-3173-431A-A2D4-34379410A536}.Release|Any CPU.Build.0 = Release|Any CPU
	EndGlobalSection
	GlobalSection(SolutionProperties) = preSolution
		HideSolutionNode = FALSE
	EndGlobalSection
	GlobalSection(ExtensibilityGlobals) = postSolution
		SolutionGuid = {65FAF1B1-1CB8-4BC4-903C-49CFF10B1E7B}
	EndGlobalSection
EndGlobal
